
Microsoft Visual Studio Solution File, Format Version 12.00
# Visual Studio Version 16
VisualStudioVersion = 16.0.31613.86
MinimumVisualStudioVersion = 10.0.40219.1
Project("{FAE04EC0-301F-11D3-BF4B-00C04F79EFBC}") = "Tsuji_CSharp", "Tsuji_CSharp\Tsuji_CSharp.csproj", "{DEE6A96C-1826-443A-B49D-F592380602A4}"
EndProject
Global
	GlobalSection(SolutionConfigurationPlatforms) = preSolution
		Debug|Any CPU = Debug|Any CPU
		Release|Any CPU = Release|Any CPU
	EndGlobalSection
	GlobalSection(ProjectConfigurationPlatforms) = postSolution
		{DEE6A96C-1826-443A-B49D-F592380602A4}.Debug|Any CPU.ActiveCfg = Debug|Any CPU
		{DEE6A96C-1826-443A-B49D-F592380602A4}.Debug|Any CPU.Build.0 = Debug|Any CPU
		{DEE6A96C-1826-443A-B49D-F592380602A4}.Release|Any CPU.ActiveCfg = Release|Any CPU
		{DEE6A96C-1826-443A-B49D-F592380602A4}.Release|Any CPU.Build.0 = Release|Any CPU
	EndGlobalSection
	GlobalSection(SolutionProperties) = preSolution
		HideSolutionNode = FALSE
	EndGlobalSection
	GlobalSection(ExtensibilityGlobals) = postSolution
		SolutionGuid = {AA2476D2-DA2F-4EFB-9DC8-EB69ADF063E3}
	EndGlobalSection
EndGlobal
