
Microsoft Visual Studio Solution File, Format Version 12.00
# Visual Studio Version 16
VisualStudioVersion = 16.0.810.6
MinimumVisualStudioVersion = 10.0.40219.1
Project("{FAE04EC0-301F-11D3-BF4B-00C04F79EFBC}") = "Example01H", "Example01H\Example01H.csproj", "{B0E20F22-FA43-4919-B03A-41B83BD04732}"
EndProject
Global
	GlobalSection(SolutionConfigurationPlatforms) = preSolution
		Debug|anycpu = Debug|anycpu
		Release|anycpu = Release|anycpu
	EndGlobalSection
	GlobalSection(ProjectConfigurationPlatforms) = postSolution
		{B0E20F22-FA43-4919-B03A-41B83BD04732}.Debug|anycpu.ActiveCfg = Debug|anycpu
		{B0E20F22-FA43-4919-B03A-41B83BD04732}.Debug|anycpu.Build.0 = Debug|anycpu
		{B0E20F22-FA43-4919-B03A-41B83BD04732}.Release|anycpu.ActiveCfg = Release|anycpu
		{B0E20F22-FA43-4919-B03A-41B83BD04732}.Release|anycpu.Build.0 = Release|anycpu
	EndGlobalSection
	GlobalSection(SolutionProperties) = preSolution
		HideSolutionNode = FALSE
	EndGlobalSection
	GlobalSection(ExtensibilityGlobals) = postSolution
		SolutionGuid = {C13C0CD8-B584-4149-8CF2-EE6CEC4D25EB}
	EndGlobalSection
EndGlobal
